
Microsoft Visual Studio Solution File, Format Version 12.00
# Visual Studio 15
VisualStudioVersion = 15.0.26430.16
MinimumVisualStudioVersion = 10.0.40219.1
Project("{FAE04EC0-301F-11D3-BF4B-00C04F79EFBC}") = "GraphiqlNetCore", "GraphiqlNetCore\GraphiqlNetCore.csproj", "{F4004E36-6676-4027-A1B2-240E1D75FF72}"
EndProject
Global
	GlobalSection(SolutionConfigurationPlatforms) = preSolution
		Debug|Any CPU = Debug|Any CPU
		Release|Any CPU = Release|Any CPU
	EndGlobalSection
	GlobalSection(ProjectConfigurationPlatforms) = postSolution
		{F4004E36-6676-4027-A1B2-240E1D75FF72}.Debug|Any CPU.ActiveCfg = Debug|Any CPU
		{F4004E36-6676-4027-A1B2-240E1D75FF72}.Debug|Any CPU.Build.0 = Debug|Any CPU
		{F4004E36-6676-4027-A1B2-240E1D75FF72}.Release|Any CPU.ActiveCfg = Release|Any CPU
		{F4004E36-6676-4027-A1B2-240E1D75FF72}.Release|Any CPU.Build.0 = Release|Any CPU
	EndGlobalSection
	GlobalSection(SolutionProperties) = preSolution
		HideSolutionNode = FALSE
	EndGlobalSection
EndGlobal
